
Microsoft Visual Studio Solution File, Format Version 12.00
# Visual Studio Version 17
VisualStudioVersion = 17.1.32210.238
MinimumVisualStudioVersion = 10.0.40219.1
Project("{FAE04EC0-301F-11D3-BF4B-00C04F79EFBC}") = "AgendaConsultaAPI", "AgendaConsultaAPI\AgendaConsultaAPI.csproj", "{19937471-082D-4F7D-B6F8-58D5DC71DAFF}"
EndProject
Global
	GlobalSection(SolutionConfigurationPlatforms) = preSolution
		Debug|Any CPU = Debug|Any CPU
		Release|Any CPU = Release|Any CPU
	EndGlobalSection
	GlobalSection(ProjectConfigurationPlatforms) = postSolution
		{19937471-082D-4F7D-B6F8-58D5DC71DAFF}.Debug|Any CPU.ActiveCfg = Debug|Any CPU
		{19937471-082D-4F7D-B6F8-58D5DC71DAFF}.Debug|Any CPU.Build.0 = Debug|Any CPU
		{19937471-082D-4F7D-B6F8-58D5DC71DAFF}.Release|Any CPU.ActiveCfg = Release|Any CPU
		{19937471-082D-4F7D-B6F8-58D5DC71DAFF}.Release|Any CPU.Build.0 = Release|Any CPU
	EndGlobalSection
	GlobalSection(SolutionProperties) = preSolution
		HideSolutionNode = FALSE
	EndGlobalSection
	GlobalSection(ExtensibilityGlobals) = postSolution
		SolutionGuid = {C574F1CB-BD22-41A8-96C1-AE0288AF7E77}
	EndGlobalSection
EndGlobal
